
Microsoft Visual Studio Solution File, Format Version 12.00
# Visual Studio Version 17
VisualStudioVersion = 17.3.32811.315
MinimumVisualStudioVersion = 10.0.40219.1
Project("{FAE04EC0-301F-11D3-BF4B-00C04F79EFBC}") = "ProjectileProximityFuseSystemFix", "ProjectileProximityFuseSystemFix\ProjectileProximityFuseSystemFix.csproj", "{CBC0DE2D-5C77-4FFA-9C7E-6CC719A5341C}"
EndProject
Project("{FAE04EC0-301F-11D3-BF4B-00C04F79EFBC}") = "DataManagerSaveFix", "DataManagerSaveFix\DataManagerSaveFix.csproj", "{23C44DAF-229E-4541-A5D1-8B8F1979B032}"
EndProject
Project("{FAE04EC0-301F-11D3-BF4B-00C04F79EFBC}") = "CIViewOverworldEventFix", "CIViewOverworldEventFix\CIViewOverworldEventFix.csproj", "{DDA70921-B884-4107-9F93-68BC2533C540}"
EndProject
Project("{FAE04EC0-301F-11D3-BF4B-00C04F79EFBC}") = "CombatUnitDamageEventFix", "CombatUnitDamageEventFix\CombatUnitDamageEventFix.csproj", "{ECA28BF5-14C1-4618-88AB-08DC4E02A2C1}"
EndProject
Project("{FAE04EC0-301F-11D3-BF4B-00C04F79EFBC}") = "OverlapUtilityFix", "OverlapUtilityFix\OverlapUtilityFix.csproj", "{7E42FB36-A93D-479E-92A6-9F6469C957FD}"
EndProject
Project("{FAE04EC0-301F-11D3-BF4B-00C04F79EFBC}") = "ActionUtilityFix", "ActionUtilityFix\ActionUtilityFix.csproj", "{DF4561FB-D6D3-4213-BED5-3C942EE47EFD}"
EndProject
Project("{FAE04EC0-301F-11D3-BF4B-00C04F79EFBC}") = "DataContainerPartPresetFix", "DataContainerPartPresetFix\DataContainerPartPresetFix.csproj", "{4B5DA454-F571-40CD-91D2-925E084BC04E}"
EndProject
Global
	GlobalSection(SolutionConfigurationPlatforms) = preSolution
		Debug|Any CPU = Debug|Any CPU
		Release|Any CPU = Release|Any CPU
	EndGlobalSection
	GlobalSection(ProjectConfigurationPlatforms) = postSolution
		{CBC0DE2D-5C77-4FFA-9C7E-6CC719A5341C}.Debug|Any CPU.ActiveCfg = Debug|Any CPU
		{CBC0DE2D-5C77-4FFA-9C7E-6CC719A5341C}.Debug|Any CPU.Build.0 = Debug|Any CPU
		{CBC0DE2D-5C77-4FFA-9C7E-6CC719A5341C}.Release|Any CPU.ActiveCfg = Release|Any CPU
		{CBC0DE2D-5C77-4FFA-9C7E-6CC719A5341C}.Release|Any CPU.Build.0 = Release|Any CPU
		{23C44DAF-229E-4541-A5D1-8B8F1979B032}.Debug|Any CPU.ActiveCfg = Debug|Any CPU
		{23C44DAF-229E-4541-A5D1-8B8F1979B032}.Debug|Any CPU.Build.0 = Debug|Any CPU
		{23C44DAF-229E-4541-A5D1-8B8F1979B032}.Release|Any CPU.ActiveCfg = Release|Any CPU
		{23C44DAF-229E-4541-A5D1-8B8F1979B032}.Release|Any CPU.Build.0 = Release|Any CPU
		{DDA70921-B884-4107-9F93-68BC2533C540}.Debug|Any CPU.ActiveCfg = Debug|Any CPU
		{DDA70921-B884-4107-9F93-68BC2533C540}.Debug|Any CPU.Build.0 = Debug|Any CPU
		{DDA70921-B884-4107-9F93-68BC2533C540}.Release|Any CPU.ActiveCfg = Release|Any CPU
		{DDA70921-B884-4107-9F93-68BC2533C540}.Release|Any CPU.Build.0 = Release|Any CPU
		{ECA28BF5-14C1-4618-88AB-08DC4E02A2C1}.Debug|Any CPU.ActiveCfg = Debug|Any CPU
		{ECA28BF5-14C1-4618-88AB-08DC4E02A2C1}.Debug|Any CPU.Build.0 = Debug|Any CPU
		{ECA28BF5-14C1-4618-88AB-08DC4E02A2C1}.Release|Any CPU.ActiveCfg = Release|Any CPU
		{ECA28BF5-14C1-4618-88AB-08DC4E02A2C1}.Release|Any CPU.Build.0 = Release|Any CPU
		{7E42FB36-A93D-479E-92A6-9F6469C957FD}.Debug|Any CPU.ActiveCfg = Debug|Any CPU
		{7E42FB36-A93D-479E-92A6-9F6469C957FD}.Debug|Any CPU.Build.0 = Debug|Any CPU
		{7E42FB36-A93D-479E-92A6-9F6469C957FD}.Release|Any CPU.ActiveCfg = Release|Any CPU
		{7E42FB36-A93D-479E-92A6-9F6469C957FD}.Release|Any CPU.Build.0 = Release|Any CPU
		{DF4561FB-D6D3-4213-BED5-3C942EE47EFD}.Debug|Any CPU.ActiveCfg = Debug|Any CPU
		{DF4561FB-D6D3-4213-BED5-3C942EE47EFD}.Debug|Any CPU.Build.0 = Debug|Any CPU
		{DF4561FB-D6D3-4213-BED5-3C942EE47EFD}.Release|Any CPU.ActiveCfg = Release|Any CPU
		{DF4561FB-D6D3-4213-BED5-3C942EE47EFD}.Release|Any CPU.Build.0 = Release|Any CPU
		{4B5DA454-F571-40CD-91D2-925E084BC04E}.Debug|Any CPU.ActiveCfg = Debug|Any CPU
		{4B5DA454-F571-40CD-91D2-925E084BC04E}.Debug|Any CPU.Build.0 = Debug|Any CPU
		{4B5DA454-F571-40CD-91D2-925E084BC04E}.Release|Any CPU.ActiveCfg = Release|Any CPU
		{4B5DA454-F571-40CD-91D2-925E084BC04E}.Release|Any CPU.Build.0 = Release|Any CPU
	EndGlobalSection
	GlobalSection(SolutionProperties) = preSolution
		HideSolutionNode = FALSE
	EndGlobalSection
	GlobalSection(ExtensibilityGlobals) = postSolution
		SolutionGuid = {A45103E6-2D15-4D5C-B179-145D37BEC6CB}
	EndGlobalSection
EndGlobal
